
Microsoft Visual Studio Solution File, Format Version 12.00
# Visual Studio 14
VisualStudioVersion = 14.0.25420.1
MinimumVisualStudioVersion = 10.0.40219.1
Project("{FAE04EC0-301F-11D3-BF4B-00C04F79EFBC}") = "VSL", "VSL\VSL.csproj", "{F072876C-A3F7-4131-9035-2EC420EB463E}"
EndProject
Project("{FAE04EC0-301F-11D3-BF4B-00C04F79EFBC}") = "VSLTest", "VSLTest\VSLTest.csproj", "{F1D1356A-9E8B-4E82-B155-0400D1D30B0B}"
EndProject
Global
	GlobalSection(SolutionConfigurationPlatforms) = preSolution
		Debug|Any CPU = Debug|Any CPU
		Release|Any CPU = Release|Any CPU
	EndGlobalSection
	GlobalSection(ProjectConfigurationPlatforms) = postSolution
		{F072876C-A3F7-4131-9035-2EC420EB463E}.Debug|Any CPU.ActiveCfg = Debug|Any CPU
		{F072876C-A3F7-4131-9035-2EC420EB463E}.Debug|Any CPU.Build.0 = Debug|Any CPU
		{F072876C-A3F7-4131-9035-2EC420EB463E}.Release|Any CPU.ActiveCfg = Release|Any CPU
		{F072876C-A3F7-4131-9035-2EC420EB463E}.Release|Any CPU.Build.0 = Release|Any CPU
		{F1D1356A-9E8B-4E82-B155-0400D1D30B0B}.Debug|Any CPU.ActiveCfg = Debug|Any CPU
		{F1D1356A-9E8B-4E82-B155-0400D1D30B0B}.Debug|Any CPU.Build.0 = Debug|Any CPU
		{F1D1356A-9E8B-4E82-B155-0400D1D30B0B}.Release|Any CPU.ActiveCfg = Release|Any CPU
		{F1D1356A-9E8B-4E82-B155-0400D1D30B0B}.Release|Any CPU.Build.0 = Release|Any CPU
	EndGlobalSection
	GlobalSection(SolutionProperties) = preSolution
		HideSolutionNode = FALSE
	EndGlobalSection
	GlobalSection(TeamFoundationVersionControl) = preSolution
		SccNumberOfProjects = 3
		SccEnterpriseProvider = {4CA58AB2-18FA-4F8D-95D4-32DDF27D184C}
		SccTeamFoundationServer = https://vectordata.visualstudio.com/
		SccLocalPath0 = .
		SccProjectUniqueName1 = VSL\\VSL.csproj
		SccProjectName1 = VSL
		SccLocalPath1 = VSL
		SccProjectUniqueName2 = VSLTest\\VSLTest.csproj
		SccProjectName2 = VSLTest
		SccLocalPath2 = VSLTest
	EndGlobalSection
EndGlobal
